// !$*UTF8*$!
{
	archiveVersion = 1;
	classes = {
	};
	objectVersion = 46;
	objects = {

/* Begin PBXBuildFile section */
		23BC83CFB06B0BB152381165 /* Pods_RehteawTests.framework in Frameworks */ = {isa = PBXBuildFile; fileRef = 720254BB0504BABE63698478 /* Pods_RehteawTests.framework */; };
		7F54F8351D38C39A00926AFA /* LocalizationViewController.m in Sources */ = {isa = PBXBuildFile; fileRef = 7F54F8341D38C39A00926AFA /* LocalizationViewController.m */; };
		7F54F8391D38D49D00926AFA /* MapKit.framework in Frameworks */ = {isa = PBXBuildFile; fileRef = 7F54F8381D38D49D00926AFA /* MapKit.framework */; };
		7F555BBB1D34C68F008AB057 /* main.m in Sources */ = {isa = PBXBuildFile; fileRef = 7F555BBA1D34C68F008AB057 /* main.m */; };
		7F555BBE1D34C68F008AB057 /* AppDelegate.m in Sources */ = {isa = PBXBuildFile; fileRef = 7F555BBD1D34C68F008AB057 /* AppDelegate.m */; };
		7F555BC11D34C68F008AB057 /* ViewController.m in Sources */ = {isa = PBXBuildFile; fileRef = 7F555BC01D34C68F008AB057 /* ViewController.m */; };
		7F555BC41D34C68F008AB057 /* Main.storyboard in Resources */ = {isa = PBXBuildFile; fileRef = 7F555BC21D34C68F008AB057 /* Main.storyboard */; };
		7F555BC71D34C68F008AB057 /* Rehteaw.xcdatamodeld in Sources */ = {isa = PBXBuildFile; fileRef = 7F555BC51D34C68F008AB057 /* Rehteaw.xcdatamodeld */; };
		7F555BC91D34C68F008AB057 /* Assets.xcassets in Resources */ = {isa = PBXBuildFile; fileRef = 7F555BC81D34C68F008AB057 /* Assets.xcassets */; };
		7F555BCC1D34C68F008AB057 /* LaunchScreen.storyboard in Resources */ = {isa = PBXBuildFile; fileRef = 7F555BCA1D34C68F008AB057 /* LaunchScreen.storyboard */; };
		7F555BD71D34C68F008AB057 /* RehteawTests.m in Sources */ = {isa = PBXBuildFile; fileRef = 7F555BD61D34C68F008AB057 /* RehteawTests.m */; };
		7F555BE31D34D13A008AB057 /* AddCityViewController.m in Sources */ = {isa = PBXBuildFile; fileRef = 7F555BE21D34D13A008AB057 /* AddCityViewController.m */; };
		7F555BF51D34E172008AB057 /* TableViewCell.m in Sources */ = {isa = PBXBuildFile; fileRef = 7F555BF31D34E172008AB057 /* TableViewCell.m */; };
		7F555BF61D34E172008AB057 /* TableViewCell.xib in Resources */ = {isa = PBXBuildFile; fileRef = 7F555BF41D34E172008AB057 /* TableViewCell.xib */; };
		7F555BF91D34E89D008AB057 /* DetailViewController.m in Sources */ = {isa = PBXBuildFile; fileRef = 7F555BF81D34E89D008AB057 /* DetailViewController.m */; };
		7F555C011D35246E008AB057 /* City+CoreDataProperties.m in Sources */ = {isa = PBXBuildFile; fileRef = 7F555BFE1D35246E008AB057 /* City+CoreDataProperties.m */; };
		7F555C021D35246E008AB057 /* City.m in Sources */ = {isa = PBXBuildFile; fileRef = 7F555C001D35246E008AB057 /* City.m */; };
		7F555C041D362737008AB057 /* maxresdefault.jpg in Resources */ = {isa = PBXBuildFile; fileRef = 7F555C031D362737008AB057 /* maxresdefault.jpg */; };
		7F6B30991D37A7170065A1CB /* menu.png in Resources */ = {isa = PBXBuildFile; fileRef = 7F6B30971D37A7170065A1CB /* menu.png */; };
		7F6B309A1D37A7170065A1CB /* menu@2x.png in Resources */ = {isa = PBXBuildFile; fileRef = 7F6B30981D37A7170065A1CB /* menu@2x.png */; };
		7F6B309C1D37A9550065A1CB /* background.jpg in Resources */ = {isa = PBXBuildFile; fileRef = 7F6B309B1D37A9550065A1CB /* background.jpg */; };
		7F6B309F1D37AA630065A1CB /* AboutViewController.m in Sources */ = {isa = PBXBuildFile; fileRef = 7F6B309E1D37AA630065A1CB /* AboutViewController.m */; };
		7F6B30A21D37AF470065A1CB /* SidebarViewController.m in Sources */ = {isa = PBXBuildFile; fileRef = 7F6B30A11D37AF470065A1CB /* SidebarViewController.m */; };
		9302693C5B04431F24776432 /* Pods_Rehteaw.framework in Frameworks */ = {isa = PBXBuildFile; fileRef = 93C70FE121A4D0540891FBB4 /* Pods_Rehteaw.framework */; };
/* End PBXBuildFile section */

/* Begin PBXContainerItemProxy section */
		7F555BD31D34C68F008AB057 /* PBXContainerItemProxy */ = {
			isa = PBXContainerItemProxy;
			containerPortal = 7F555BAE1D34C68F008AB057 /* Project object */;
			proxyType = 1;
			remoteGlobalIDString = 7F555BB51D34C68F008AB057;
			remoteInfo = Rehteaw;
		};
/* End PBXContainerItemProxy section */

/* Begin PBXFileReference section */
		162718691DBF2FC85B2A44AF /* Pods-RehteawTests.release.xcconfig */ = {isa = PBXFileReference; includeInIndex = 1; lastKnownFileType = text.xcconfig; name = "Pods-RehteawTests.release.xcconfig"; path = "Pods/Target Support Files/Pods-RehteawTests/Pods-RehteawTests.release.xcconfig"; sourceTree = "<group>"; };
		225EDC8423578D44182C7E6B /* Pods-Rehteaw.debug.xcconfig */ = {isa = PBXFileReference; includeInIndex = 1; lastKnownFileType = text.xcconfig; name = "Pods-Rehteaw.debug.xcconfig"; path = "Pods/Target Support Files/Pods-Rehteaw/Pods-Rehteaw.debug.xcconfig"; sourceTree = "<group>"; };
		4AB5E957E2F8BEA1A915B9A6 /* Pods-RehteawTests.debug.xcconfig */ = {isa = PBXFileReference; includeInIndex = 1; lastKnownFileType = text.xcconfig; name = "Pods-RehteawTests.debug.xcconfig"; path = "Pods/Target Support Files/Pods-RehteawTests/Pods-RehteawTests.debug.xcconfig"; sourceTree = "<group>"; };
		720254BB0504BABE63698478 /* Pods_RehteawTests.framework */ = {isa = PBXFileReference; explicitFileType = wrapper.framework; includeInIndex = 0; path = Pods_RehteawTests.framework; sourceTree = BUILT_PRODUCTS_DIR; };
		7F54F8331D38C39A00926AFA /* LocalizationViewController.h */ = {isa = PBXFileReference; fileEncoding = 4; lastKnownFileType = sourcecode.c.h; path = LocalizationViewController.h; sourceTree = "<group>"; };
		7F54F8341D38C39A00926AFA /* LocalizationViewController.m */ = {isa = PBXFileReference; fileEncoding = 4; lastKnownFileType = sourcecode.c.objc; path = LocalizationViewController.m; sourceTree = "<group>"; };
		7F54F8381D38D49D00926AFA /* MapKit.framework */ = {isa = PBXFileReference; lastKnownFileType = wrapper.framework; name = MapKit.framework; path = System/Library/Frameworks/MapKit.framework; sourceTree = SDKROOT; };
		7F555BB61D34C68F008AB057 /* Rehteaw.app */ = {isa = PBXFileReference; explicitFileType = wrapper.application; includeInIndex = 0; path = Rehteaw.app; sourceTree = BUILT_PRODUCTS_DIR; };
		7F555BBA1D34C68F008AB057 /* main.m */ = {isa = PBXFileReference; lastKnownFileType = sourcecode.c.objc; path = main.m; sourceTree = "<group>"; };
		7F555BBC1D34C68F008AB057 /* AppDelegate.h */ = {isa = PBXFileReference; lastKnownFileType = sourcecode.c.h; path = AppDelegate.h; sourceTree = "<group>"; };
		7F555BBD1D34C68F008AB057 /* AppDelegate.m */ = {isa = PBXFileReference; lastKnownFileType = sourcecode.c.objc; path = AppDelegate.m; sourceTree = "<group>"; };
		7F555BBF1D34C68F008AB057 /* ViewController.h */ = {isa = PBXFileReference; lastKnownFileType = sourcecode.c.h; path = ViewController.h; sourceTree = "<group>"; };
		7F555BC01D34C68F008AB057 /* ViewController.m */ = {isa = PBXFileReference; lastKnownFileType = sourcecode.c.objc; path = ViewController.m; sourceTree = "<group>"; };
		7F555BC31D34C68F008AB057 /* Base */ = {isa = PBXFileReference; lastKnownFileType = file.storyboard; name = Base; path = Base.lproj/Main.storyboard; sourceTree = "<group>"; };
		7F555BC61D34C68F008AB057 /* Rehteaw.xcdatamodel */ = {isa = PBXFileReference; lastKnownFileType = wrapper.xcdatamodel; path = Rehteaw.xcdatamodel; sourceTree = "<group>"; };
		7F555BC81D34C68F008AB057 /* Assets.xcassets */ = {isa = PBXFileReference; lastKnownFileType = folder.assetcatalog; path = Assets.xcassets; sourceTree = "<group>"; };
		7F555BCB1D34C68F008AB057 /* Base */ = {isa = PBXFileReference; lastKnownFileType = file.storyboard; name = Base; path = Base.lproj/LaunchScreen.storyboard; sourceTree = "<group>"; };
		7F555BCD1D34C68F008AB057 /* Info.plist */ = {isa = PBXFileReference; lastKnownFileType = text.plist.xml; path = Info.plist; sourceTree = "<group>"; };
		7F555BD21D34C68F008AB057 /* RehteawTests.xctest */ = {isa = PBXFileReference; explicitFileType = wrapper.cfbundle; includeInIndex = 0; path = RehteawTests.xctest; sourceTree = BUILT_PRODUCTS_DIR; };
		7F555BD61D34C68F008AB057 /* RehteawTests.m */ = {isa = PBXFileReference; lastKnownFileType = sourcecode.c.objc; path = RehteawTests.m; sourceTree = "<group>"; };
		7F555BD81D34C68F008AB057 /* Info.plist */ = {isa = PBXFileReference; lastKnownFileType = text.plist.xml; path = Info.plist; sourceTree = "<group>"; };
		7F555BE11D34D13A008AB057 /* AddCityViewController.h */ = {isa = PBXFileReference; fileEncoding = 4; lastKnownFileType = sourcecode.c.h; path = AddCityViewController.h; sourceTree = "<group>"; };
		7F555BE21D34D13A008AB057 /* AddCityViewController.m */ = {isa = PBXFileReference; fileEncoding = 4; lastKnownFileType = sourcecode.c.objc; path = AddCityViewController.m; sourceTree = "<group>"; };
		7F555BF21D34E172008AB057 /* TableViewCell.h */ = {isa = PBXFileReference; fileEncoding = 4; lastKnownFileType = sourcecode.c.h; path = TableViewCell.h; sourceTree = "<group>"; };
		7F555BF31D34E172008AB057 /* TableViewCell.m */ = {isa = PBXFileReference; fileEncoding = 4; lastKnownFileType = sourcecode.c.objc; path = TableViewCell.m; sourceTree = "<group>"; };
		7F555BF41D34E172008AB057 /* TableViewCell.xib */ = {isa = PBXFileReference; fileEncoding = 4; lastKnownFileType = file.xib; path = TableViewCell.xib; sourceTree = "<group>"; };
		7F555BF71D34E89D008AB057 /* DetailViewController.h */ = {isa = PBXFileReference; fileEncoding = 4; lastKnownFileType = sourcecode.c.h; path = DetailViewController.h; sourceTree = "<group>"; };
		7F555BF81D34E89D008AB057 /* DetailViewController.m */ = {isa = PBXFileReference; fileEncoding = 4; lastKnownFileType = sourcecode.c.objc; path = DetailViewController.m; sourceTree = "<group>"; };
		7F555BFD1D35246E008AB057 /* City+CoreDataProperties.h */ = {isa = PBXFileReference; fileEncoding = 4; lastKnownFileType = sourcecode.c.h; name = "City+CoreDataProperties.h"; path = "../City+CoreDataProperties.h"; sourceTree = "<group>"; };
		7F555BFE1D35246E008AB057 /* City+CoreDataProperties.m */ = {isa = PBXFileReference; fileEncoding = 4; lastKnownFileType = sourcecode.c.objc; name = "City+CoreDataProperties.m"; path = "../City+CoreDataProperties.m"; sourceTree = "<group>"; };
		7F555BFF1D35246E008AB057 /* City.h */ = {isa = PBXFileReference; fileEncoding = 4; lastKnownFileType = sourcecode.c.h; name = City.h; path = ../City.h; sourceTree = "<group>"; };
		7F555C001D35246E008AB057 /* City.m */ = {isa = PBXFileReference; fileEncoding = 4; lastKnownFileType = sourcecode.c.objc; name = City.m; path = ../City.m; sourceTree = "<group>"; };
		7F555C031D362737008AB057 /* maxresdefault.jpg */ = {isa = PBXFileReference; lastKnownFileType = image.jpeg; name = maxresdefault.jpg; path = ../../../Downloads/maxresdefault.jpg; sourceTree = "<group>"; };
		7F6B30971D37A7170065A1CB /* menu.png */ = {isa = PBXFileReference; lastKnownFileType = image.png; name = menu.png; path = ../../../Downloads/SidebarDemoTemplate/SidebarDemo/menu.png; sourceTree = "<group>"; };
		7F6B30981D37A7170065A1CB /* menu@2x.png */ = {isa = PBXFileReference; lastKnownFileType = image.png; name = "menu@2x.png"; path = "../../../Downloads/SidebarDemoTemplate/SidebarDemo/menu@2x.png"; sourceTree = "<group>"; };
		7F6B309B1D37A9550065A1CB /* background.jpg */ = {isa = PBXFileReference; lastKnownFileType = image.jpeg; name = background.jpg; path = ../../../Downloads/background.jpg; sourceTree = "<group>"; };
		7F6B309D1D37AA630065A1CB /* AboutViewController.h */ = {isa = PBXFileReference; fileEncoding = 4; lastKnownFileType = sourcecode.c.h; path = AboutViewController.h; sourceTree = "<group>"; };
		7F6B309E1D37AA630065A1CB /* AboutViewController.m */ = {isa = PBXFileReference; fileEncoding = 4; lastKnownFileType = sourcecode.c.objc; path = AboutViewController.m; sourceTree = "<group>"; };
		7F6B30A01D37AF470065A1CB /* SidebarViewController.h */ = {isa = PBXFileReference; fileEncoding = 4; lastKnownFileType = sourcecode.c.h; path = SidebarViewController.h; sourceTree = "<group>"; };
		7F6B30A11D37AF470065A1CB /* SidebarViewController.m */ = {isa = PBXFileReference; fileEncoding = 4; lastKnownFileType = sourcecode.c.objc; path = SidebarViewController.m; sourceTree = "<group>"; };
		93C70FE121A4D0540891FBB4 /* Pods_Rehteaw.framework */ = {isa = PBXFileReference; explicitFileType = wrapper.framework; includeInIndex = 0; path = Pods_Rehteaw.framework; sourceTree = BUILT_PRODUCTS_DIR; };
		CAC38DE9A0AF122ED3911000 /* Pods-Rehteaw.release.xcconfig */ = {isa = PBXFileReference; includeInIndex = 1; lastKnownFileType = text.xcconfig; name = "Pods-Rehteaw.release.xcconfig"; path = "Pods/Target Support Files/Pods-Rehteaw/Pods-Rehteaw.release.xcconfig"; sourceTree = "<group>"; };
/* End PBXFileReference section */

/* Begin PBXFrameworksBuildPhase section */
		7F555BB31D34C68F008AB057 /* Frameworks */ = {
			isa = PBXFrameworksBuildPhase;
			buildActionMask = 2147483647;
			files = (
				7F54F8391D38D49D00926AFA /* MapKit.framework in Frameworks */,
				9302693C5B04431F24776432 /* Pods_Rehteaw.framework in Frameworks */,
			);
			runOnlyForDeploymentPostprocessing = 0;
		};
		7F555BCF1D34C68F008AB057 /* Frameworks */ = {
			isa = PBXFrameworksBuildPhase;
			buildActionMask = 2147483647;
			files = (
				23BC83CFB06B0BB152381165 /* Pods_RehteawTests.framework in Frameworks */,
			);
			runOnlyForDeploymentPostprocessing = 0;
		};
/* End PBXFrameworksBuildPhase section */

/* Begin PBXGroup section */
		2CE62651642888430FB2869A /* Frameworks */ = {
			isa = PBXGroup;
			children = (
				7F54F8381D38D49D00926AFA /* MapKit.framework */,
				93C70FE121A4D0540891FBB4 /* Pods_Rehteaw.framework */,
				720254BB0504BABE63698478 /* Pods_RehteawTests.framework */,
			);
			name = Frameworks;
			sourceTree = "<group>";
		};
		7CF4A20DC5AF7604FD72F5D5 /* Pods */ = {
			isa = PBXGroup;
			children = (
				225EDC8423578D44182C7E6B /* Pods-Rehteaw.debug.xcconfig */,
				CAC38DE9A0AF122ED3911000 /* Pods-Rehteaw.release.xcconfig */,
				4AB5E957E2F8BEA1A915B9A6 /* Pods-RehteawTests.debug.xcconfig */,
				162718691DBF2FC85B2A44AF /* Pods-RehteawTests.release.xcconfig */,
			);
			name = Pods;
			sourceTree = "<group>";
		};
		7F555BAD1D34C68F008AB057 = {
			isa = PBXGroup;
			children = (
				7F555BB81D34C68F008AB057 /* Rehtaew */,
				7F555BD51D34C68F008AB057 /* RehtaewTests */,
				7F555BB71D34C68F008AB057 /* Products */,
				7CF4A20DC5AF7604FD72F5D5 /* Pods */,
				2CE62651642888430FB2869A /* Frameworks */,
			);
			sourceTree = "<group>";
		};
		7F555BB71D34C68F008AB057 /* Products */ = {
			isa = PBXGroup;
			children = (
				7F555BB61D34C68F008AB057 /* Rehteaw.app */,
				7F555BD21D34C68F008AB057 /* RehteawTests.xctest */,
			);
			name = Products;
			sourceTree = "<group>";
		};
		7F555BB81D34C68F008AB057 /* Rehtaew */ = {
			isa = PBXGroup;
			children = (
				7F555BFD1D35246E008AB057 /* City+CoreDataProperties.h */,
				7F555BFE1D35246E008AB057 /* City+CoreDataProperties.m */,
				7F555BFF1D35246E008AB057 /* City.h */,
				7F555C001D35246E008AB057 /* City.m */,
				7F555BBC1D34C68F008AB057 /* AppDelegate.h */,
				7F555BBD1D34C68F008AB057 /* AppDelegate.m */,
				7F555BBF1D34C68F008AB057 /* ViewController.h */,
				7F555BC01D34C68F008AB057 /* ViewController.m */,
				7F555BF21D34E172008AB057 /* TableViewCell.h */,
				7F555BF31D34E172008AB057 /* TableViewCell.m */,
				7F555BF41D34E172008AB057 /* TableViewCell.xib */,
				7F555BC21D34C68F008AB057 /* Main.storyboard */,
				7F54F8331D38C39A00926AFA /* LocalizationViewController.h */,
				7F54F8341D38C39A00926AFA /* LocalizationViewController.m */,
				7F6B30A01D37AF470065A1CB /* SidebarViewController.h */,
				7F6B30A11D37AF470065A1CB /* SidebarViewController.m */,
				7F6B309D1D37AA630065A1CB /* AboutViewController.h */,
				7F6B309E1D37AA630065A1CB /* AboutViewController.m */,
				7F555BF71D34E89D008AB057 /* DetailViewController.h */,
				7F555BF81D34E89D008AB057 /* DetailViewController.m */,
				7F555BE11D34D13A008AB057 /* AddCityViewController.h */,
				7F555BE21D34D13A008AB057 /* AddCityViewController.m */,
				7F555BC81D34C68F008AB057 /* Assets.xcassets */,
				7F555C031D362737008AB057 /* maxresdefault.jpg */,
				7F555BCA1D34C68F008AB057 /* LaunchScreen.storyboard */,
				7F555BCD1D34C68F008AB057 /* Info.plist */,
				7F555BC51D34C68F008AB057 /* Rehteaw.xcdatamodeld */,
				7F555BB91D34C68F008AB057 /* Supporting Files */,
			);
			name = Rehtaew;
			path = Rehteaw;
			sourceTree = "<group>";
		};
		7F555BB91D34C68F008AB057 /* Supporting Files */ = {
			isa = PBXGroup;
			children = (
				7F6B309B1D37A9550065A1CB /* background.jpg */,
				7F6B30971D37A7170065A1CB /* menu.png */,
				7F6B30981D37A7170065A1CB /* menu@2x.png */,
				7F555BBA1D34C68F008AB057 /* main.m */,
			);
			name = "Supporting Files";
			sourceTree = "<group>";
		};
		7F555BD51D34C68F008AB057 /* RehtaewTests */ = {
			isa = PBXGroup;
			children = (
				7F555BD61D34C68F008AB057 /* RehteawTests.m */,
				7F555BD81D34C68F008AB057 /* Info.plist */,
			);
			name = RehtaewTests;
			path = RehteawTests;
			sourceTree = "<group>";
		};
/* End PBXGroup section */

/* Begin PBXNativeTarget section */
		7F555BB51D34C68F008AB057 /* Rehteaw */ = {
			isa = PBXNativeTarget;
			buildConfigurationList = 7F555BDB1D34C68F008AB057 /* Build configuration list for PBXNativeTarget "Rehteaw" */;
			buildPhases = (
				80C0BE756E6361E950530213 /* [CP] Check Pods Manifest.lock */,
				7F555BB21D34C68F008AB057 /* Sources */,
				7F555BB31D34C68F008AB057 /* Frameworks */,
				7F555BB41D34C68F008AB057 /* Resources */,
				39A5FEDF988FE570A393561C /* [CP] Embed Pods Frameworks */,
				BA994CB716F58113B014691E /* [CP] Copy Pods Resources */,
			);
			buildRules = (
			);
			dependencies = (
			);
			name = Rehteaw;
			productName = Rehteaw;
			productReference = 7F555BB61D34C68F008AB057 /* Rehteaw.app */;
			productType = "com.apple.product-type.application";
		};
		7F555BD11D34C68F008AB057 /* RehteawTests */ = {
			isa = PBXNativeTarget;
			buildConfigurationList = 7F555BDE1D34C68F008AB057 /* Build configuration list for PBXNativeTarget "RehteawTests" */;
			buildPhases = (
				8748ADACCE95AD3A80270B04 /* [CP] Check Pods Manifest.lock */,
				7F555BCE1D34C68F008AB057 /* Sources */,
				7F555BCF1D34C68F008AB057 /* Frameworks */,
				7F555BD01D34C68F008AB057 /* Resources */,
				754CB662EB3585874ABBBD64 /* [CP] Embed Pods Frameworks */,
				6F133E5F9091F741047EA59B /* [CP] Copy Pods Resources */,
			);
			buildRules = (
			);
			dependencies = (
				7F555BD41D34C68F008AB057 /* PBXTargetDependency */,
			);
			name = RehteawTests;
			productName = RehteawTests;
			productReference = 7F555BD21D34C68F008AB057 /* RehteawTests.xctest */;
			productType = "com.apple.product-type.bundle.unit-test";
		};
/* End PBXNativeTarget section */

/* Begin PBXProject section */
		7F555BAE1D34C68F008AB057 /* Project object */ = {
			isa = PBXProject;
			attributes = {
				LastUpgradeCheck = 0730;
				ORGANIZATIONNAME = Speednet;
				TargetAttributes = {
					7F555BB51D34C68F008AB057 = {
						CreatedOnToolsVersion = 7.3.1;
						DevelopmentTeam = D3WY2L3HE4;
						SystemCapabilities = {
							com.apple.BackgroundModes = {
								enabled = 1;
							};
							com.apple.Maps.iOS = {
								enabled = 1;
							};
						};
					};
					7F555BD11D34C68F008AB057 = {
						CreatedOnToolsVersion = 7.3.1;
						TestTargetID = 7F555BB51D34C68F008AB057;
					};
				};
			};
			buildConfigurationList = 7F555BB11D34C68F008AB057 /* Build configuration list for PBXProject "Rehtaew" */;
			compatibilityVersion = "Xcode 3.2";
			developmentRegion = English;
			hasScannedForEncodings = 0;
			knownRegions = (
				en,
				Base,
			);
			mainGroup = 7F555BAD1D34C68F008AB057;
			productRefGroup = 7F555BB71D34C68F008AB057 /* Products */;
			projectDirPath = "";
			projectRoot = "";
			targets = (
				7F555BB51D34C68F008AB057 /* Rehteaw */,
				7F555BD11D34C68F008AB057 /* RehteawTests */,
			);
		};
/* End PBXProject section */

/* Begin PBXResourcesBuildPhase section */
		7F555BB41D34C68F008AB057 /* Resources */ = {
			isa = PBXResourcesBuildPhase;
			buildActionMask = 2147483647;
			files = (
				7F555BCC1D34C68F008AB057 /* LaunchScreen.storyboard in Resources */,
				7F6B309A1D37A7170065A1CB /* menu@2x.png in Resources */,
				7F555BF61D34E172008AB057 /* TableViewCell.xib in Resources */,
				7F6B30991D37A7170065A1CB /* menu.png in Resources */,
				7F555C041D362737008AB057 /* maxresdefault.jpg in Resources */,
				7F6B309C1D37A9550065A1CB /* background.jpg in Resources */,
				7F555BC91D34C68F008AB057 /* Assets.xcassets in Resources */,
				7F555BC41D34C68F008AB057 /* Main.storyboard in Resources */,
			);
			runOnlyForDeploymentPostprocessing = 0;
		};
		7F555BD01D34C68F008AB057 /* Resources */ = {
			isa = PBXResourcesBuildPhase;
			buildActionMask = 2147483647;
			files = (
			);
			runOnlyForDeploymentPostprocessing = 0;
		};
/* End PBXResourcesBuildPhase section */

/* Begin PBXShellScriptBuildPhase section */
		39A5FEDF988FE570A393561C /* [CP] Embed Pods Frameworks */ = {
			isa = PBXShellScriptBuildPhase;
			buildActionMask = 2147483647;
			files = (
			);
			inputPaths = (
			);
			name = "[CP] Embed Pods Frameworks";
			outputPaths = (
			);
			runOnlyForDeploymentPostprocessing = 0;
			shellPath = /bin/sh;
			shellScript = "\"${SRCROOT}/Pods/Target Support Files/Pods-Rehteaw/Pods-Rehteaw-frameworks.sh\"\n";
			showEnvVarsInLog = 0;
		};
		6F133E5F9091F741047EA59B /* [CP] Copy Pods Resources */ = {
			isa = PBXShellScriptBuildPhase;
			buildActionMask = 2147483647;
			files = (
			);
			inputPaths = (
			);
			name = "[CP] Copy Pods Resources";
			outputPaths = (
			);
			runOnlyForDeploymentPostprocessing = 0;
			shellPath = /bin/sh;
			shellScript = "\"${SRCROOT}/Pods/Target Support Files/Pods-RehteawTests/Pods-RehteawTests-resources.sh\"\n";
			showEnvVarsInLog = 0;
		};
		754CB662EB3585874ABBBD64 /* [CP] Embed Pods Frameworks */ = {
			isa = PBXShellScriptBuildPhase;
			buildActionMask = 2147483647;
			files = (
			);
			inputPaths = (
			);
			name = "[CP] Embed Pods Frameworks";
			outputPaths = (
			);
			runOnlyForDeploymentPostprocessing = 0;
			shellPath = /bin/sh;
			shellScript = "\"${SRCROOT}/Pods/Target Support Files/Pods-RehteawTests/Pods-RehteawTests-frameworks.sh\"\n";
			showEnvVarsInLog = 0;
		};
		80C0BE756E6361E950530213 /* [CP] Check Pods Manifest.lock */ = {
			isa = PBXShellScriptBuildPhase;
			buildActionMask = 2147483647;
			files = (
			);
			inputPaths = (
			);
			name = "[CP] Check Pods Manifest.lock";
			outputPaths = (
			);
			runOnlyForDeploymentPostprocessing = 0;
			shellPath = /bin/sh;
			shellScript = "diff \"${PODS_ROOT}/../Podfile.lock\" \"${PODS_ROOT}/Manifest.lock\" > /dev/null\nif [[ $? != 0 ]] ; then\n    cat << EOM\nerror: The sandbox is not in sync with the Podfile.lock. Run 'pod install' or update your CocoaPods installation.\nEOM\n    exit 1\nfi\n";
			showEnvVarsInLog = 0;
		};
		8748ADACCE95AD3A80270B04 /* [CP] Check Pods Manifest.lock */ = {
			isa = PBXShellScriptBuildPhase;
			buildActionMask = 2147483647;
			files = (
			);
			inputPaths = (
			);
			name = "[CP] Check Pods Manifest.lock";
			outputPaths = (
			);
			runOnlyForDeploymentPostprocessing = 0;
			shellPath = /bin/sh;
			shellScript = "diff \"${PODS_ROOT}/../Podfile.lock\" \"${PODS_ROOT}/Manifest.lock\" > /dev/null\nif [[ $? != 0 ]] ; then\n    cat << EOM\nerror: The sandbox is not in sync with the Podfile.lock. Run 'pod install' or update your CocoaPods installation.\nEOM\n    exit 1\nfi\n";
			showEnvVarsInLog = 0;
		};
		BA994CB716F58113B014691E /* [CP] Copy Pods Resources */ = {
			isa = PBXShellScriptBuildPhase;
			buildActionMask = 2147483647;
			files = (
			);
			inputPaths = (
			);
			name = "[CP] Copy Pods Resources";
			outputPaths = (
			);
			runOnlyForDeploymentPostprocessing = 0;
			shellPath = /bin/sh;
			shellScript = "\"${SRCROOT}/Pods/Target Support Files/Pods-Rehteaw/Pods-Rehteaw-resources.sh\"\n";
			showEnvVarsInLog = 0;
		};
/* End PBXShellScriptBuildPhase section */

/* Begin PBXSourcesBuildPhase section */
		7F555BB21D34C68F008AB057 /* Sources */ = {
			isa = PBXSourcesBuildPhase;
			buildActionMask = 2147483647;
			files = (
				7F555C011D35246E008AB057 /* City+CoreDataProperties.m in Sources */,
				7F555BC71D34C68F008AB057 /* Rehteaw.xcdatamodeld in Sources */,
				7F555BF91D34E89D008AB057 /* DetailViewController.m in Sources */,
				7F54F8351D38C39A00926AFA /* LocalizationViewController.m in Sources */,
				7F555BE31D34D13A008AB057 /* AddCityViewController.m in Sources */,
				7F555BC11D34C68F008AB057 /* ViewController.m in Sources */,
				7F555BBE1D34C68F008AB057 /* AppDelegate.m in Sources */,
				7F6B309F1D37AA630065A1CB /* AboutViewController.m in Sources */,
				7F555BF51D34E172008AB057 /* TableViewCell.m in Sources */,
				7F555BBB1D34C68F008AB057 /* main.m in Sources */,
				7F555C021D35246E008AB057 /* City.m in Sources */,
				7F6B30A21D37AF470065A1CB /* SidebarViewController.m in Sources */,
			);
			runOnlyForDeploymentPostprocessing = 0;
		};
		7F555BCE1D34C68F008AB057 /* Sources */ = {
			isa = PBXSourcesBuildPhase;
			buildActionMask = 2147483647;
			files = (
				7F555BD71D34C68F008AB057 /* RehteawTests.m in Sources */,
			);
			runOnlyForDeploymentPostprocessing = 0;
		};
/* End PBXSourcesBuildPhase section */

/* Begin PBXTargetDependency section */
		7F555BD41D34C68F008AB057 /* PBXTargetDependency */ = {
			isa = PBXTargetDependency;
			target = 7F555BB51D34C68F008AB057 /* Rehteaw */;
			targetProxy = 7F555BD31D34C68F008AB057 /* PBXContainerItemProxy */;
		};
/* End PBXTargetDependency section */

/* Begin PBXVariantGroup section */
		7F555BC21D34C68F008AB057 /* Main.storyboard */ = {
			isa = PBXVariantGroup;
			children = (
				7F555BC31D34C68F008AB057 /* Base */,
			);
			name = Main.storyboard;
			sourceTree = "<group>";
		};
		7F555BCA1D34C68F008AB057 /* LaunchScreen.storyboard */ = {
			isa = PBXVariantGroup;
			children = (
				7F555BCB1D34C68F008AB057 /* Base */,
			);
			name = LaunchScreen.storyboard;
			sourceTree = "<group>";
		};
/* End PBXVariantGroup section */

/* Begin XCBuildConfiguration section */
		7F555BD91D34C68F008AB057 /* Debug */ = {
			isa = XCBuildConfiguration;
			buildSettings = {
				ALWAYS_SEARCH_USER_PATHS = NO;
				CLANG_ANALYZER_NONNULL = YES;
				CLANG_CXX_LANGUAGE_STANDARD = "gnu++0x";
				CLANG_CXX_LIBRARY = "libc++";
				CLANG_ENABLE_MODULES = YES;
				CLANG_ENABLE_OBJC_ARC = YES;
				CLANG_WARN_BOOL_CONVERSION = YES;
				CLANG_WARN_CONSTANT_CONVERSION = YES;
				CLANG_WARN_DIRECT_OBJC_ISA_USAGE = YES_ERROR;
				CLANG_WARN_EMPTY_BODY = YES;
				CLANG_WARN_ENUM_CONVERSION = YES;
				CLANG_WARN_INT_CONVERSION = YES;
				CLANG_WARN_OBJC_ROOT_CLASS = YES_ERROR;
				CLANG_WARN_UNREACHABLE_CODE = YES;
				CLANG_WARN__DUPLICATE_METHOD_MATCH = YES;
				"CODE_SIGN_IDENTITY[sdk=iphoneos*]" = "iPhone Developer";
				COPY_PHASE_STRIP = NO;
				DEBUG_INFORMATION_FORMAT = dwarf;
				ENABLE_STRICT_OBJC_MSGSEND = YES;
				ENABLE_TESTABILITY = YES;
				GCC_C_LANGUAGE_STANDARD = gnu99;
				GCC_DYNAMIC_NO_PIC = NO;
				GCC_NO_COMMON_BLOCKS = YES;
				GCC_OPTIMIZATION_LEVEL = 0;
				GCC_PREPROCESSOR_DEFINITIONS = (
					"DEBUG=1",
					"$(inherited)",
				);
				GCC_WARN_64_TO_32_BIT_CONVERSION = YES;
				GCC_WARN_ABOUT_RETURN_TYPE = YES_ERROR;
				GCC_WARN_UNDECLARED_SELECTOR = YES;
				GCC_WARN_UNINITIALIZED_AUTOS = YES_AGGRESSIVE;
				GCC_WARN_UNUSED_FUNCTION = YES;
				GCC_WARN_UNUSED_VARIABLE = YES;
				IPHONEOS_DEPLOYMENT_TARGET = 9.3;
				MTL_ENABLE_DEBUG_INFO = YES;
				ONLY_ACTIVE_ARCH = YES;
				SDKROOT = iphoneos;
				TARGETED_DEVICE_FAMILY = "1,2";
			};
			name = Debug;
		};
		7F555BDA1D34C68F008AB057 /* Release */ = {
			isa = XCBuildConfiguration;
			buildSettings = {
				ALWAYS_SEARCH_USER_PATHS = NO;
				CLANG_ANALYZER_NONNULL = YES;
				CLANG_CXX_LANGUAGE_STANDARD = "gnu++0x";
				CLANG_CXX_LIBRARY = "libc++";
				CLANG_ENABLE_MODULES = YES;
				CLANG_ENABLE_OBJC_ARC = YES;
				CLANG_WARN_BOOL_CONVERSION = YES;
				CLANG_WARN_CONSTANT_CONVERSION = YES;
				CLANG_WARN_DIRECT_OBJC_ISA_USAGE = YES_ERROR;
				CLANG_WARN_EMPTY_BODY = YES;
				CLANG_WARN_ENUM_CONVERSION = YES;
				CLANG_WARN_INT_CONVERSION = YES;
				CLANG_WARN_OBJC_ROOT_CLASS = YES_ERROR;
				CLANG_WARN_UNREACHABLE_CODE = YES;
				CLANG_WARN__DUPLICATE_METHOD_MATCH = YES;
				"CODE_SIGN_IDENTITY[sdk=iphoneos*]" = "iPhone Developer";
				COPY_PHASE_STRIP = NO;
				DEBUG_INFORMATION_FORMAT = "dwarf-with-dsym";
				ENABLE_NS_ASSERTIONS = NO;
				ENABLE_STRICT_OBJC_MSGSEND = YES;
				GCC_C_LANGUAGE_STANDARD = gnu99;
				GCC_NO_COMMON_BLOCKS = YES;
				GCC_WARN_64_TO_32_BIT_CONVERSION = YES;
				GCC_WARN_ABOUT_RETURN_TYPE = YES_ERROR;
				GCC_WARN_UNDECLARED_SELECTOR = YES;
				GCC_WARN_UNINITIALIZED_AUTOS = YES_AGGRESSIVE;
				GCC_WARN_UNUSED_FUNCTION = YES;
				GCC_WARN_UNUSED_VARIABLE = YES;
				IPHONEOS_DEPLOYMENT_TARGET = 9.3;
				MTL_ENABLE_DEBUG_INFO = NO;
				SDKROOT = iphoneos;
				TARGETED_DEVICE_FAMILY = "1,2";
				VALIDATE_PRODUCT = YES;
			};
			name = Release;
		};
		7F555BDC1D34C68F008AB057 /* Debug */ = {
			isa = XCBuildConfiguration;
			baseConfigurationReference = 225EDC8423578D44182C7E6B /* Pods-Rehteaw.debug.xcconfig */;
			buildSettings = {
				ASSETCATALOG_COMPILER_APPICON_NAME = AppIcon;
				CODE_SIGN_IDENTITY = "iPhone Developer";
				"CODE_SIGN_IDENTITY[sdk=iphoneos*]" = "iPhone Developer";
				INFOPLIST_FILE = Rehteaw/Info.plist;
				IPHONEOS_DEPLOYMENT_TARGET = 9.0;
				LD_RUNPATH_SEARCH_PATHS = "$(inherited) @executable_path/Frameworks";
				PRODUCT_BUNDLE_IDENTIFIER = pl.speednet.pbejgrowicz.Rehtaew;
				PRODUCT_NAME = "$(TARGET_NAME)";
				PROVISIONING_PROFILE = "";
			};
			name = Debug;
		};
		7F555BDD1D34C68F008AB057 /* Release */ = {
			isa = XCBuildConfiguration;
			baseConfigurationReference = CAC38DE9A0AF122ED3911000 /* Pods-Rehteaw.release.xcconfig */;
			buildSettings = {
				ASSETCATALOG_COMPILER_APPICON_NAME = AppIcon;
				CODE_SIGN_IDENTITY = "iPhone Developer";
				"CODE_SIGN_IDENTITY[sdk=iphoneos*]" = "iPhone Developer";
				INFOPLIST_FILE = Rehteaw/Info.plist;
				IPHONEOS_DEPLOYMENT_TARGET = 9.0;
				LD_RUNPATH_SEARCH_PATHS = "$(inherited) @executable_path/Frameworks";
				PRODUCT_BUNDLE_IDENTIFIER = pl.speednet.pbejgrowicz.Rehtaew;
				PRODUCT_NAME = "$(TARGET_NAME)";
				PROVISIONING_PROFILE = "";
			};
			name = Release;
		};
		7F555BDF1D34C68F008AB057 /* Debug */ = {
			isa = XCBuildConfiguration;
			baseConfigurationReference = 4AB5E957E2F8BEA1A915B9A6 /* Pods-RehteawTests.debug.xcconfig */;
			buildSettings = {
				BUNDLE_LOADER = "$(TEST_HOST)";
				INFOPLIST_FILE = RehteawTests/Info.plist;
				LD_RUNPATH_SEARCH_PATHS = "$(inherited) @executable_path/Frameworks @loader_path/Frameworks";
				PRODUCT_BUNDLE_IDENTIFIER = pl.speednet.pbejgrowicz.RehteawTests;
				PRODUCT_NAME = "$(TARGET_NAME)";
				TEST_HOST = "$(BUILT_PRODUCTS_DIR)/Rehteaw.app/Rehteaw";
			};
			name = Debug;
		};
		7F555BE01D34C68F008AB057 /* Release */ = {
			isa = XCBuildConfiguration;
			baseConfigurationReference = 162718691DBF2FC85B2A44AF /* Pods-RehteawTests.release.xcconfig */;
			buildSettings = {
				BUNDLE_LOADER = "$(TEST_HOST)";
				INFOPLIST_FILE = RehteawTests/Info.plist;
				LD_RUNPATH_SEARCH_PATHS = "$(inherited) @executable_path/Frameworks @loader_path/Frameworks";
				PRODUCT_BUNDLE_IDENTIFIER = pl.speednet.pbejgrowicz.RehteawTests;
				PRODUCT_NAME = "$(TARGET_NAME)";
				TEST_HOST = "$(BUILT_PRODUCTS_DIR)/Rehteaw.app/Rehteaw";
			};
			name = Release;
		};
/* End XCBuildConfiguration section */

/* Begin XCConfigurationList section */
		7F555BB11D34C68F008AB057 /* Build configuration list for PBXProject "Rehtaew" */ = {
			isa = XCConfigurationList;
			buildConfigurations = (
				7F555BD91D34C68F008AB057 /* Debug */,
				7F555BDA1D34C68F008AB057 /* Release */,
			);
			defaultConfigurationIsVisible = 0;
			defaultConfigurationName = Release;
		};
		7F555BDB1D34C68F008AB057 /* Build configuration list for PBXNativeTarget "Rehteaw" */ = {
			isa = XCConfigurationList;
			buildConfigurations = (
				7F555BDC1D34C68F008AB057 /* Debug */,
				7F555BDD1D34C68F008AB057 /* Release */,
			);
			defaultConfigurationIsVisible = 0;
			defaultConfigurationName = Release;
		};
		7F555BDE1D34C68F008AB057 /* Build configuration list for PBXNativeTarget "RehteawTests" */ = {
			isa = XCConfigurationList;
			buildConfigurations = (
				7F555BDF1D34C68F008AB057 /* Debug */,
				7F555BE01D34C68F008AB057 /* Release */,
			);
			defaultConfigurationIsVisible = 0;
			defaultConfigurationName = Release;
		};
/* End XCConfigurationList section */

/* Begin XCVersionGroup section */
		7F555BC51D34C68F008AB057 /* Rehteaw.xcdatamodeld */ = {
			isa = XCVersionGroup;
			children = (
				7F555BC61D34C68F008AB057 /* Rehteaw.xcdatamodel */,
			);
			currentVersion = 7F555BC61D34C68F008AB057 /* Rehteaw.xcdatamodel */;
			path = Rehteaw.xcdatamodeld;
			sourceTree = "<group>";
			versionGroupType = wrapper.xcdatamodel;
		};
/* End XCVersionGroup section */
	};
	rootObject = 7F555BAE1D34C68F008AB057 /* Project object */;
}
